
Microsoft Visual Studio Solution File, Format Version 12.00
# Visual Studio Version 16
VisualStudioVersion = 16.0.31702.278
MinimumVisualStudioVersion = 10.0.40219.1
Project("{FAE04EC0-301F-11D3-BF4B-00C04F79EFBC}") = "MoneyLaunderingService", "MoneyLaunderingService\MoneyLaunderingService.csproj", "{9600980A-3691-4381-A458-9433F186804D}"
EndProject
Global
	GlobalSection(SolutionConfigurationPlatforms) = preSolution
		Debug|Any CPU = Debug|Any CPU
		Release|Any CPU = Release|Any CPU
	EndGlobalSection
	GlobalSection(ProjectConfigurationPlatforms) = postSolution
		{9600980A-3691-4381-A458-9433F186804D}.Debug|Any CPU.ActiveCfg = Debug|Any CPU
		{9600980A-3691-4381-A458-9433F186804D}.Debug|Any CPU.Build.0 = Debug|Any CPU
		{9600980A-3691-4381-A458-9433F186804D}.Release|Any CPU.ActiveCfg = Release|Any CPU
		{9600980A-3691-4381-A458-9433F186804D}.Release|Any CPU.Build.0 = Release|Any CPU
	EndGlobalSection
	GlobalSection(SolutionProperties) = preSolution
		HideSolutionNode = FALSE
	EndGlobalSection
	GlobalSection(ExtensibilityGlobals) = postSolution
		SolutionGuid = {3DB92E7E-3392-45AE-B087-F1339D38AFE4}
	EndGlobalSection
EndGlobal
